
Microsoft Visual Studio Solution File, Format Version 12.00
# Visual Studio Version 16
VisualStudioVersion = 16.0.29215.179
MinimumVisualStudioVersion = 10.0.40219.1
Project("{9A19103F-16F7-4668-BE54-9A1E7A4F7556}") = "MVC_assignment_3", "MVC_assignment_3.csproj", "{5DFACA26-E728-4619-85D6-434B1E8DBB31}"
EndProject
Global
	GlobalSection(SolutionConfigurationPlatforms) = preSolution
		Debug|Any CPU = Debug|Any CPU
		Release|Any CPU = Release|Any CPU
	EndGlobalSection
	GlobalSection(ProjectConfigurationPlatforms) = postSolution
		{5DFACA26-E728-4619-85D6-434B1E8DBB31}.Debug|Any CPU.ActiveCfg = Debug|Any CPU
		{5DFACA26-E728-4619-85D6-434B1E8DBB31}.Debug|Any CPU.Build.0 = Debug|Any CPU
		{5DFACA26-E728-4619-85D6-434B1E8DBB31}.Release|Any CPU.ActiveCfg = Release|Any CPU
		{5DFACA26-E728-4619-85D6-434B1E8DBB31}.Release|Any CPU.Build.0 = Release|Any CPU
	EndGlobalSection
	GlobalSection(SolutionProperties) = preSolution
		HideSolutionNode = FALSE
	EndGlobalSection
	GlobalSection(ExtensibilityGlobals) = postSolution
		SolutionGuid = {40011347-10F5-4E0A-9746-D40F92726801}
	EndGlobalSection
EndGlobal
